# This file is automatically @generated by Poetry 1.4.0 and should not be changed by hand.

[[package]]
name = "aws-lambda-typing"
version = "2.16.4"
description = "A package that provides type hints for AWS Lambda event, context and response objects"
category = "main"
optional = false
python-versions = ">=3.6,<4.0"
files = [
    {file = "aws-lambda-typing-2.16.4.tar.gz", hash = "sha256:49e8757dd55085115635c81a0534057e4335a24bda08dd75c3c0f12b38b2320f"},
    {file = "aws_lambda_typing-2.16.4-py3-none-any.whl", hash = "sha256:9d4d6cc91b90ed901cecfbd8de7daf6e3861628fb90e82ea5760424fbb1955f8"},
]

[metadata]
lock-version = "2.0"
python-versions = "^3.9"
content-hash = "dd1a3e2af76f4b739e2f0a2cc77710e45dbaef4e23dba4c4a247ca40554c53f2"
